
Microsoft Visual Studio Solution File, Format Version 12.00
# Visual Studio Version 17
VisualStudioVersion = 17.6.33723.286
MinimumVisualStudioVersion = 10.0.40219.1
Project("{FAE04EC0-301F-11D3-BF4B-00C04F79EFBC}") = "KampIntro", "KampIntro\KampIntro.csproj", "{93E9BCD8-391B-48A1-9D44-DF0C953F1FBD}"
EndProject
Project("{FAE04EC0-301F-11D3-BF4B-00C04F79EFBC}") = "ClassIntro", "ClassIntro\ClassIntro.csproj", "{080C7980-6004-46CB-AC42-7A1C0D8976D0}"
EndProject
Project("{FAE04EC0-301F-11D3-BF4B-00C04F79EFBC}") = "methods", "methods\methods.csproj", "{193A1647-6E9C-41D5-AE95-3C0313F972F8}"
EndProject
Project("{FAE04EC0-301F-11D3-BF4B-00C04F79EFBC}") = "maths", "maths\maths.csproj", "{3B11BD2C-93F0-4C8E-B464-B5036E347670}"
EndProject
Project("{FAE04EC0-301F-11D3-BF4B-00C04F79EFBC}") = "ClassMethodDemo", "ClassMethodDemo\ClassMethodDemo.csproj", "{031999A8-A217-40FC-ABAF-92DB11CC8FC2}"
EndProject
Project("{FAE04EC0-301F-11D3-BF4B-00C04F79EFBC}") = "OOP1", "OOP1\OOP1.csproj", "{816E79B8-1898-4694-91A4-2A46E51D877C}"
EndProject
Project("{FAE04EC0-301F-11D3-BF4B-00C04F79EFBC}") = "Collections", "Collections\Collections.csproj", "{980882CE-0BF1-4382-82DF-3DB8EE6ACD69}"
EndProject
Project("{FAE04EC0-301F-11D3-BF4B-00C04F79EFBC}") = "ReferanceTypes", "ReferanceTypes\ReferanceTypes.csproj", "{673A1F18-5E57-44DD-862E-4E10A4FE03D8}"
EndProject
Project("{FAE04EC0-301F-11D3-BF4B-00C04F79EFBC}") = "Constructors", "Constructors\Constructors.csproj", "{5559C42C-9BC7-4C85-B773-C60AFF612A43}"
EndProject
Project("{FAE04EC0-301F-11D3-BF4B-00C04F79EFBC}") = "Generics", "Generics\Generics.csproj", "{557364EC-6053-442F-9DD9-3BBA38BFFCA8}"
EndProject
Project("{FAE04EC0-301F-11D3-BF4B-00C04F79EFBC}") = "MyDictionary", "MyDictionary\MyDictionary.csproj", "{3E13F89E-F371-41AB-86A8-1E7068473019}"
EndProject
Project("{FAE04EC0-301F-11D3-BF4B-00C04F79EFBC}") = "OOP2", "OOP2\OOP2.csproj", "{2214C7AB-364B-4A2F-B5FD-7D540A32CBAC}"
EndProject
Global
	GlobalSection(SolutionConfigurationPlatforms) = preSolution
		Debug|Any CPU = Debug|Any CPU
		Release|Any CPU = Release|Any CPU
	EndGlobalSection
	GlobalSection(ProjectConfigurationPlatforms) = postSolution
		{93E9BCD8-391B-48A1-9D44-DF0C953F1FBD}.Debug|Any CPU.ActiveCfg = Debug|Any CPU
		{93E9BCD8-391B-48A1-9D44-DF0C953F1FBD}.Debug|Any CPU.Build.0 = Debug|Any CPU
		{93E9BCD8-391B-48A1-9D44-DF0C953F1FBD}.Release|Any CPU.ActiveCfg = Release|Any CPU
		{93E9BCD8-391B-48A1-9D44-DF0C953F1FBD}.Release|Any CPU.Build.0 = Release|Any CPU
		{080C7980-6004-46CB-AC42-7A1C0D8976D0}.Debug|Any CPU.ActiveCfg = Debug|Any CPU
		{080C7980-6004-46CB-AC42-7A1C0D8976D0}.Debug|Any CPU.Build.0 = Debug|Any CPU
		{080C7980-6004-46CB-AC42-7A1C0D8976D0}.Release|Any CPU.ActiveCfg = Release|Any CPU
		{080C7980-6004-46CB-AC42-7A1C0D8976D0}.Release|Any CPU.Build.0 = Release|Any CPU
		{193A1647-6E9C-41D5-AE95-3C0313F972F8}.Debug|Any CPU.ActiveCfg = Debug|Any CPU
		{193A1647-6E9C-41D5-AE95-3C0313F972F8}.Debug|Any CPU.Build.0 = Debug|Any CPU
		{193A1647-6E9C-41D5-AE95-3C0313F972F8}.Release|Any CPU.ActiveCfg = Release|Any CPU
		{193A1647-6E9C-41D5-AE95-3C0313F972F8}.Release|Any CPU.Build.0 = Release|Any CPU
		{3B11BD2C-93F0-4C8E-B464-B5036E347670}.Debug|Any CPU.ActiveCfg = Debug|Any CPU
		{3B11BD2C-93F0-4C8E-B464-B5036E347670}.Debug|Any CPU.Build.0 = Debug|Any CPU
		{3B11BD2C-93F0-4C8E-B464-B5036E347670}.Release|Any CPU.ActiveCfg = Release|Any CPU
		{3B11BD2C-93F0-4C8E-B464-B5036E347670}.Release|Any CPU.Build.0 = Release|Any CPU
		{031999A8-A217-40FC-ABAF-92DB11CC8FC2}.Debug|Any CPU.ActiveCfg = Debug|Any CPU
		{031999A8-A217-40FC-ABAF-92DB11CC8FC2}.Debug|Any CPU.Build.0 = Debug|Any CPU
		{031999A8-A217-40FC-ABAF-92DB11CC8FC2}.Release|Any CPU.ActiveCfg = Release|Any CPU
		{031999A8-A217-40FC-ABAF-92DB11CC8FC2}.Release|Any CPU.Build.0 = Release|Any CPU
		{816E79B8-1898-4694-91A4-2A46E51D877C}.Debug|Any CPU.ActiveCfg = Debug|Any CPU
		{816E79B8-1898-4694-91A4-2A46E51D877C}.Debug|Any CPU.Build.0 = Debug|Any CPU
		{816E79B8-1898-4694-91A4-2A46E51D877C}.Release|Any CPU.ActiveCfg = Release|Any CPU
		{816E79B8-1898-4694-91A4-2A46E51D877C}.Release|Any CPU.Build.0 = Release|Any CPU
		{980882CE-0BF1-4382-82DF-3DB8EE6ACD69}.Debug|Any CPU.ActiveCfg = Debug|Any CPU
		{980882CE-0BF1-4382-82DF-3DB8EE6ACD69}.Debug|Any CPU.Build.0 = Debug|Any CPU
		{980882CE-0BF1-4382-82DF-3DB8EE6ACD69}.Release|Any CPU.ActiveCfg = Release|Any CPU
		{980882CE-0BF1-4382-82DF-3DB8EE6ACD69}.Release|Any CPU.Build.0 = Release|Any CPU
		{673A1F18-5E57-44DD-862E-4E10A4FE03D8}.Debug|Any CPU.ActiveCfg = Debug|Any CPU
		{673A1F18-5E57-44DD-862E-4E10A4FE03D8}.Debug|Any CPU.Build.0 = Debug|Any CPU
		{673A1F18-5E57-44DD-862E-4E10A4FE03D8}.Release|Any CPU.ActiveCfg = Release|Any CPU
		{673A1F18-5E57-44DD-862E-4E10A4FE03D8}.Release|Any CPU.Build.0 = Release|Any CPU
		{5559C42C-9BC7-4C85-B773-C60AFF612A43}.Debug|Any CPU.ActiveCfg = Debug|Any CPU
		{5559C42C-9BC7-4C85-B773-C60AFF612A43}.Debug|Any CPU.Build.0 = Debug|Any CPU
		{5559C42C-9BC7-4C85-B773-C60AFF612A43}.Release|Any CPU.ActiveCfg = Release|Any CPU
		{5559C42C-9BC7-4C85-B773-C60AFF612A43}.Release|Any CPU.Build.0 = Release|Any CPU
		{557364EC-6053-442F-9DD9-3BBA38BFFCA8}.Debug|Any CPU.ActiveCfg = Debug|Any CPU
		{557364EC-6053-442F-9DD9-3BBA38BFFCA8}.Debug|Any CPU.Build.0 = Debug|Any CPU
		{557364EC-6053-442F-9DD9-3BBA38BFFCA8}.Release|Any CPU.ActiveCfg = Release|Any CPU
		{557364EC-6053-442F-9DD9-3BBA38BFFCA8}.Release|Any CPU.Build.0 = Release|Any CPU
		{3E13F89E-F371-41AB-86A8-1E7068473019}.Debug|Any CPU.ActiveCfg = Debug|Any CPU
		{3E13F89E-F371-41AB-86A8-1E7068473019}.Debug|Any CPU.Build.0 = Debug|Any CPU
		{3E13F89E-F371-41AB-86A8-1E7068473019}.Release|Any CPU.ActiveCfg = Release|Any CPU
		{3E13F89E-F371-41AB-86A8-1E7068473019}.Release|Any CPU.Build.0 = Release|Any CPU
		{2214C7AB-364B-4A2F-B5FD-7D540A32CBAC}.Debug|Any CPU.ActiveCfg = Debug|Any CPU
		{2214C7AB-364B-4A2F-B5FD-7D540A32CBAC}.Debug|Any CPU.Build.0 = Debug|Any CPU
		{2214C7AB-364B-4A2F-B5FD-7D540A32CBAC}.Release|Any CPU.ActiveCfg = Release|Any CPU
		{2214C7AB-364B-4A2F-B5FD-7D540A32CBAC}.Release|Any CPU.Build.0 = Release|Any CPU
	EndGlobalSection
	GlobalSection(SolutionProperties) = preSolution
		HideSolutionNode = FALSE
	EndGlobalSection
	GlobalSection(ExtensibilityGlobals) = postSolution
		SolutionGuid = {E84ECD85-58D3-443A-99DD-03F5B104A659}
	EndGlobalSection
EndGlobal
